{
  "name": "css-cascade-layers",
  "lockfileVersion": 2,
  "requires": true,
  "packages": {
    "": {
      "name": "css-cascade-layers",
      "devDependencies": {
        "basscss": "^8.0.2",
        "bootstrap": "^5.1.3",
        "normalize.css": "^8.0.1"
      }
    },
    "node_modules/@popperjs/core": {
      "version": "2.11.5",
      "resolved": "https://registry.npmjs.org/@popperjs/core/-/core-2.11.5.tgz",
      "integrity": "sha512-9X2obfABZuDVLCgPK9aX0a/x4jaOEweTTWE2+9sr0Qqqevj2Uv5XorvusThmc9XGYpS9yI+fhh8RTafBtGposw==",
      "dev": true,
      "peer": true,
      "funding": {
        "type": "opencollective",
        "url": "https://opencollective.com/popperjs"
      }
    },
    "node_modules/basscss": {
      "version": "8.1.0",
      "resolved": "https://registry.npmjs.org/basscss/-/basscss-8.1.0.tgz",
      "integrity": "sha512-SJ48HWDKqX1OnzeZgqwweFPVM98h0lNtvC+megWPCEJ1R6LIbx6dnj3rpCJueElVn9giWipZhoozMEBRAIlnUw==",
      "dev": true,
      "dependencies": {
        "basscss-align": "^1.0.2",
        "basscss-border": "^4.0.2",
        "basscss-flexbox": "^1.0.2",
        "basscss-grid": "^2.0.0",
        "basscss-hide": "^1.0.1",
        "basscss-layout": "^3.1.0",
        "basscss-margin": "^1.0.9",
        "basscss-padding": "^1.1.3",
        "basscss-position": "^2.0.3",
        "basscss-type-scale": "^1.0.6",
        "basscss-typography": "^3.0.4"
      }
    },
    "node_modules/basscss-align": {
      "version": "1.0.2",
      "resolved": "https://registry.npmjs.org/basscss-align/-/basscss-align-1.0.2.tgz",
      "integrity": "sha1-KUqmidb5nahuSvTFwokocIVcHDc=",
      "dev": true
    },
    "node_modules/basscss-border": {
      "version": "4.0.2",
      "resolved": "https://registry.npmjs.org/basscss-border/-/basscss-border-4.0.2.tgz",
      "integrity": "sha1-FLRQYym5DLFKvl9NNHPp/pIC3y4=",
      "dev": true
    },
    "node_modules/basscss-flexbox": {
      "version": "1.0.2",
      "resolved": "https://registry.npmjs.org/basscss-flexbox/-/basscss-flexbox-1.0.2.tgz",
      "integrity": "sha512-AtG6yBmmza2nPo3x9X4/7rbW22gLmiSvYvirFs7Aspt1zp5FHwpRBz3BD2v/a3qPdmVM8OvOLVNWISGM6O50MA==",
      "dev": true
    },
    "node_modules/basscss-grid": {
      "version": "2.0.0",
      "resolved": "https://registry.npmjs.org/basscss-grid/-/basscss-grid-2.0.0.tgz",
      "integrity": "sha1-b0wxmOeGo4Up+DYrw7O85SVME2k=",
      "dev": true
    },
    "node_modules/basscss-hide": {
      "version": "1.0.1",
      "resolved": "https://registry.npmjs.org/basscss-hide/-/basscss-hide-1.0.1.tgz",
      "integrity": "sha1-NLwTi7qGfGxJq4aCphDvSV5H11A=",
      "dev": true
    },
    "node_modules/basscss-layout": {
      "version": "3.1.0",
      "resolved": "https://registry.npmjs.org/basscss-layout/-/basscss-layout-3.1.0.tgz",
      "integrity": "sha1-+fOS5IDaZmV9n+XenKTAfFecOk4=",
      "dev": true
    },
    "node_modules/basscss-margin": {
      "version": "1.0.9",
      "resolved": "https://registry.npmjs.org/basscss-margin/-/basscss-margin-1.0.9.tgz",
      "integrity": "sha512-wpF8tXrtzU+iMtLvfSgYJlpkIxChOlay3YumoI+yJ6IiOe5uMmEGUG8FWAIkC8QalkKDAURAqHmQ4nbuyUvyag==",
      "dev": true
    },
    "node_modules/basscss-padding": {
      "version": "1.1.3",
      "resolved": "https://registry.npmjs.org/basscss-padding/-/basscss-padding-1.1.3.tgz",
      "integrity": "sha1-adt5lBTm3Vi+2Dd2lSzCmeLmh04=",
      "dev": true
    },
    "node_modules/basscss-position": {
      "version": "2.0.3",
      "resolved": "https://registry.npmjs.org/basscss-position/-/basscss-position-2.0.3.tgz",
      "integrity": "sha1-RnGAofjzhukHLtjQgpTSpuC6QwU=",
      "dev": true
    },
    "node_modules/basscss-type-scale": {
      "version": "1.0.6",
      "resolved": "https://registry.npmjs.org/basscss-type-scale/-/basscss-type-scale-1.0.6.tgz",
      "integrity": "sha512-93KOVRr5iX0e38d6+k2pQ8WW1IA5DigQhJextts4rwbSt2+cr+XrokGJ74HB8LevO54HMoc3VJ8M6oOR2puc8A==",
      "dev": true
    },
    "node_modules/basscss-typography": {
      "version": "3.0.4",
      "resolved": "https://registry.npmjs.org/basscss-typography/-/basscss-typography-3.0.4.tgz",
      "integrity": "sha512-PMCxUfYPpAj8gQV8qI09lfNp7eWNrKtQFkCN2fZjLyReSY/wnw8QP8irpvbJ67vSEhlkA6ZP8j7vmTDoxkyu8g==",
      "dev": true
    },
    "node_modules/bootstrap": {
      "version": "5.1.3",
      "resolved": "https://registry.npmjs.org/bootstrap/-/bootstrap-5.1.3.tgz",
      "integrity": "sha512-fcQztozJ8jToQWXxVuEyXWW+dSo8AiXWKwiSSrKWsRB/Qt+Ewwza+JWoLKiTuQLaEPhdNAJ7+Dosc9DOIqNy7Q==",
      "dev": true,
      "funding": {
        "type": "opencollective",
        "url": "https://opencollective.com/bootstrap"
      },
      "peerDependencies": {
        "@popperjs/core": "^2.10.2"
      }
    },
    "node_modules/normalize.css": {
      "version": "8.0.1",
      "resolved": "https://registry.npmjs.org/normalize.css/-/normalize.css-8.0.1.tgz",
      "integrity": "sha512-qizSNPO93t1YUuUhP22btGOo3chcvDFqFaj2TRybP0DMxkHOCTYwp3n34fel4a31ORXy4m1Xq0Gyqpb5m33qIg==",
      "dev": true
    }
  },
  "dependencies": {
    "@popperjs/core": {
      "version": "2.11.5",
      "resolved": "https://registry.npmjs.org/@popperjs/core/-/core-2.11.5.tgz",
      "integrity": "sha512-9X2obfABZuDVLCgPK9aX0a/x4jaOEweTTWE2+9sr0Qqqevj2Uv5XorvusThmc9XGYpS9yI+fhh8RTafBtGposw==",
      "dev": true,
      "peer": true
    },
    "basscss": {
      "version": "8.1.0",
      "resolved": "https://registry.npmjs.org/basscss/-/basscss-8.1.0.tgz",
      "integrity": "sha512-SJ48HWDKqX1OnzeZgqwweFPVM98h0lNtvC+megWPCEJ1R6LIbx6dnj3rpCJueElVn9giWipZhoozMEBRAIlnUw==",
      "dev": true,
      "requires": {
        "basscss-align": "^1.0.2",
        "basscss-border": "^4.0.2",
        "basscss-flexbox": "^1.0.2",
        "basscss-grid": "^2.0.0",
        "basscss-hide": "^1.0.1",
        "basscss-layout": "^3.1.0",
        "basscss-margin": "^1.0.9",
        "basscss-padding": "^1.1.3",
        "basscss-position": "^2.0.3",
        "basscss-type-scale": "^1.0.6",
        "basscss-typography": "^3.0.4"
      }
    },
    "basscss-align": {
      "version": "1.0.2",
      "resolved": "https://registry.npmjs.org/basscss-align/-/basscss-align-1.0.2.tgz",
      "integrity": "sha1-KUqmidb5nahuSvTFwokocIVcHDc=",
      "dev": true
    },
    "basscss-border": {
      "version": "4.0.2",
      "resolved": "https://registry.npmjs.org/basscss-border/-/basscss-border-4.0.2.tgz",
      "integrity": "sha1-FLRQYym5DLFKvl9NNHPp/pIC3y4=",
      "dev": true
    },
    "basscss-flexbox": {
      "version": "1.0.2",
      "resolved": "https://registry.npmjs.org/basscss-flexbox/-/basscss-flexbox-1.0.2.tgz",
      "integrity": "sha512-AtG6yBmmza2nPo3x9X4/7rbW22gLmiSvYvirFs7Aspt1zp5FHwpRBz3BD2v/a3qPdmVM8OvOLVNWISGM6O50MA==",
      "dev": true
    },
    "basscss-grid": {
      "version": "2.0.0",
      "resolved": "https://registry.npmjs.org/basscss-grid/-/basscss-grid-2.0.0.tgz",
      "integrity": "sha1-b0wxmOeGo4Up+DYrw7O85SVME2k=",
      "dev": true
    },
    "basscss-hide": {
      "version": "1.0.1",
      "resolved": "https://registry.npmjs.org/basscss-hide/-/basscss-hide-1.0.1.tgz",
      "integrity": "sha1-NLwTi7qGfGxJq4aCphDvSV5H11A=",
      "dev": true
    },
    "basscss-layout": {
      "version": "3.1.0",
      "resolved": "https://registry.npmjs.org/basscss-layout/-/basscss-layout-3.1.0.tgz",
      "integrity": "sha1-+fOS5IDaZmV9n+XenKTAfFecOk4=",
      "dev": true
    },
    "basscss-margin": {
      "version": "1.0.9",
      "resolved": "https://registry.npmjs.org/basscss-margin/-/basscss-margin-1.0.9.tgz",
      "integrity": "sha512-wpF8tXrtzU+iMtLvfSgYJlpkIxChOlay3YumoI+yJ6IiOe5uMmEGUG8FWAIkC8QalkKDAURAqHmQ4nbuyUvyag==",
      "dev": true
    },
    "basscss-padding": {
      "version": "1.1.3",
      "resolved": "https://registry.npmjs.org/basscss-padding/-/basscss-padding-1.1.3.tgz",
      "integrity": "sha1-adt5lBTm3Vi+2Dd2lSzCmeLmh04=",
      "dev": true
    },
    "basscss-position": {
      "version": "2.0.3",
      "resolved": "https://registry.npmjs.org/basscss-position/-/basscss-position-2.0.3.tgz",
      "integrity": "sha1-RnGAofjzhukHLtjQgpTSpuC6QwU=",
      "dev": true
    },
    "basscss-type-scale": {
      "version": "1.0.6",
      "resolved": "https://registry.npmjs.org/basscss-type-scale/-/basscss-type-scale-1.0.6.tgz",
      "integrity": "sha512-93KOVRr5iX0e38d6+k2pQ8WW1IA5DigQhJextts4rwbSt2+cr+XrokGJ74HB8LevO54HMoc3VJ8M6oOR2puc8A==",
      "dev": true
    },
    "basscss-typography": {
      "version": "3.0.4",
      "resolved": "https://registry.npmjs.org/basscss-typography/-/basscss-typography-3.0.4.tgz",
      "integrity": "sha512-PMCxUfYPpAj8gQV8qI09lfNp7eWNrKtQFkCN2fZjLyReSY/wnw8QP8irpvbJ67vSEhlkA6ZP8j7vmTDoxkyu8g==",
      "dev": true
    },
    "bootstrap": {
      "version": "5.1.3",
      "resolved": "https://registry.npmjs.org/bootstrap/-/bootstrap-5.1.3.tgz",
      "integrity": "sha512-fcQztozJ8jToQWXxVuEyXWW+dSo8AiXWKwiSSrKWsRB/Qt+Ewwza+JWoLKiTuQLaEPhdNAJ7+Dosc9DOIqNy7Q==",
      "dev": true,
      "requires": {}
    },
    "normalize.css": {
      "version": "8.0.1",
      "resolved": "https://registry.npmjs.org/normalize.css/-/normalize.css-8.0.1.tgz",
      "integrity": "sha512-qizSNPO93t1YUuUhP22btGOo3chcvDFqFaj2TRybP0DMxkHOCTYwp3n34fel4a31ORXy4m1Xq0Gyqpb5m33qIg==",
      "dev": true
    }
  }
}
